
Microsoft Visual Studio Solution File, Format Version 12.00
# Visual Studio Version 16
VisualStudioVersion = 16.0.30804.86
MinimumVisualStudioVersion = 10.0.40219.1
Project("{FAE04EC0-301F-11D3-BF4B-00C04F79EFBC}") = "EasyChallenge", "EasyChallenge\EasyChallenge.csproj", "{4F60D73C-1F2B-427C-AB00-BFD2148E846C}"
EndProject
Global
	GlobalSection(SolutionConfigurationPlatforms) = preSolution
		Debug|Any CPU = Debug|Any CPU
		Release|Any CPU = Release|Any CPU
	EndGlobalSection
	GlobalSection(ProjectConfigurationPlatforms) = postSolution
		{4F60D73C-1F2B-427C-AB00-BFD2148E846C}.Debug|Any CPU.ActiveCfg = Debug|Any CPU
		{4F60D73C-1F2B-427C-AB00-BFD2148E846C}.Debug|Any CPU.Build.0 = Debug|Any CPU
		{4F60D73C-1F2B-427C-AB00-BFD2148E846C}.Release|Any CPU.ActiveCfg = Release|Any CPU
		{4F60D73C-1F2B-427C-AB00-BFD2148E846C}.Release|Any CPU.Build.0 = Release|Any CPU
	EndGlobalSection
	GlobalSection(SolutionProperties) = preSolution
		HideSolutionNode = FALSE
	EndGlobalSection
	GlobalSection(ExtensibilityGlobals) = postSolution
		SolutionGuid = {809CD2B4-BA3B-4CED-BA96-79FE44A51E98}
	EndGlobalSection
EndGlobal
