
Microsoft Visual Studio Solution File, Format Version 12.00
# Visual Studio Version 16
VisualStudioVersion = 16.0.30804.86
MinimumVisualStudioVersion = 10.0.40219.1
Project("{FAE04EC0-301F-11D3-BF4B-00C04F79EFBC}") = "XYZsort", "XYZsort\XYZsort.csproj", "{3D35B95D-7298-4589-8C18-256B905294C8}"
EndProject
Global
	GlobalSection(SolutionConfigurationPlatforms) = preSolution
		Debug|Any CPU = Debug|Any CPU
		Release|Any CPU = Release|Any CPU
	EndGlobalSection
	GlobalSection(ProjectConfigurationPlatforms) = postSolution
		{3D35B95D-7298-4589-8C18-256B905294C8}.Debug|Any CPU.ActiveCfg = Debug|Any CPU
		{3D35B95D-7298-4589-8C18-256B905294C8}.Debug|Any CPU.Build.0 = Debug|Any CPU
		{3D35B95D-7298-4589-8C18-256B905294C8}.Release|Any CPU.ActiveCfg = Release|Any CPU
		{3D35B95D-7298-4589-8C18-256B905294C8}.Release|Any CPU.Build.0 = Release|Any CPU
	EndGlobalSection
	GlobalSection(SolutionProperties) = preSolution
		HideSolutionNode = FALSE
	EndGlobalSection
	GlobalSection(ExtensibilityGlobals) = postSolution
		SolutionGuid = {A444F38A-03BB-46BF-B1E1-01B1AC0AF433}
	EndGlobalSection
EndGlobal
